
Microsoft Visual Studio Solution File, Format Version 12.00
# Visual Studio Version 17
VisualStudioVersion = 17.3.32929.385
MinimumVisualStudioVersion = 10.0.40219.1
Project("{9A19103F-16F7-4668-BE54-9A1E7A4F7556}") = "Ocr", "Ocr\Ocr.csproj", "{A39E571E-4187-4904-A2E7-B31C33DE73B6}"
EndProject
Project("{2150E333-8FDC-42A3-9474-1A3956D46DE8}") = "Main Project", "Main Project", "{1BCF4239-FB81-455F-A101-8FBD9FBC64C3}"
EndProject
Project("{2150E333-8FDC-42A3-9474-1A3956D46DE8}") = "Dith", "Dith", "{186F868E-7D70-4980-80A7-5E0421C3E8FF}"
EndProject
Project("{2150E333-8FDC-42A3-9474-1A3956D46DE8}") = "Mar", "Mar", "{4673E14B-4FCC-4411-AEA4-BA078508F9A1}"
EndProject
Project("{00D1A9C2-B5F0-4AF3-8072-F6C62B433612}") = "OcrDb", "OcrDb\OcrDb.sqlproj", "{80D5AD42-EAB7-4B0F-96DA-6F6C6525A855}"
EndProject
Project("{9A19103F-16F7-4668-BE54-9A1E7A4F7556}") = "OcrLibrary", "OcrLibrary\OcrLibrary.csproj", "{BF6039B1-CF3B-4245-A277-E0CA3FF0EFAA}"
EndProject
Project("{9A19103F-16F7-4668-BE54-9A1E7A4F7556}") = "OcrLibrary", "..\Mar\OcrLibrary\OcrLibrary.csproj", "{08329D72-A038-48E2-849F-FD7F0BBF817F}"
EndProject
Project("{9A19103F-16F7-4668-BE54-9A1E7A4F7556}") = "Ocr", "..\Mar\Ocr\Ocr.csproj", "{16BBEF7D-7AD5-4642-AA42-1B6D532F4ABD}"
EndProject
Project("{9A19103F-16F7-4668-BE54-9A1E7A4F7556}") = "VisionAPI", "..\Mar\VisionAPI\VisionAPI\VisionAPI.csproj", "{378F1DEC-C138-4844-ADC0-A2934262FDEC}"
EndProject
Project("{2150E333-8FDC-42A3-9474-1A3956D46DE8}") = "Erwin", "Erwin", "{9D580EA1-69C7-4059-AB22-A26BBFCB47EF}"
EndProject
Project("{9A19103F-16F7-4668-BE54-9A1E7A4F7556}") = "OcrLibrary", "..\Erwin\OcrLibrary\OcrLibrary.csproj", "{8C889C8A-DCD8-4DD1-8D67-ABE178B5D1FF}"
EndProject
Project("{9A19103F-16F7-4668-BE54-9A1E7A4F7556}") = "PisLibrary", "..\Mar\MySql\PisLibrary\PisLibrary.csproj", "{B7DEFB7A-F000-4F71-8B7A-E818B34CECEC}"
EndProject
Project("{9A19103F-16F7-4668-BE54-9A1E7A4F7556}") = "LibraryMySql", "..\Mar\LibraryMySql\LibraryMySql.csproj", "{EA9CCF35-1CD6-43B9-B3E8-EBF221586CC0}"
EndProject
Project("{9A19103F-16F7-4668-BE54-9A1E7A4F7556}") = "OcrBlazor", "..\Mar\OcrBlazor\OcrBlazor.csproj", "{5E2B9B32-8602-4BFC-8FB3-9DC031AFB906}"
EndProject
Project("{00D1A9C2-B5F0-4AF3-8072-F6C62B433612}") = "OcrDb", "..\Mar\OcrDb\OcrDb.sqlproj", "{F13F082F-A26D-46A7-A102-D14C2ABAB21E}"
EndProject
Global
	GlobalSection(SolutionConfigurationPlatforms) = preSolution
		Debug|Any CPU = Debug|Any CPU
		Release|Any CPU = Release|Any CPU
	EndGlobalSection
	GlobalSection(ProjectConfigurationPlatforms) = postSolution
		{A39E571E-4187-4904-A2E7-B31C33DE73B6}.Debug|Any CPU.ActiveCfg = Debug|Any CPU
		{A39E571E-4187-4904-A2E7-B31C33DE73B6}.Debug|Any CPU.Build.0 = Debug|Any CPU
		{A39E571E-4187-4904-A2E7-B31C33DE73B6}.Release|Any CPU.ActiveCfg = Release|Any CPU
		{A39E571E-4187-4904-A2E7-B31C33DE73B6}.Release|Any CPU.Build.0 = Release|Any CPU
		{80D5AD42-EAB7-4B0F-96DA-6F6C6525A855}.Debug|Any CPU.ActiveCfg = Debug|Any CPU
		{80D5AD42-EAB7-4B0F-96DA-6F6C6525A855}.Debug|Any CPU.Build.0 = Debug|Any CPU
		{80D5AD42-EAB7-4B0F-96DA-6F6C6525A855}.Debug|Any CPU.Deploy.0 = Debug|Any CPU
		{80D5AD42-EAB7-4B0F-96DA-6F6C6525A855}.Release|Any CPU.ActiveCfg = Release|Any CPU
		{80D5AD42-EAB7-4B0F-96DA-6F6C6525A855}.Release|Any CPU.Build.0 = Release|Any CPU
		{80D5AD42-EAB7-4B0F-96DA-6F6C6525A855}.Release|Any CPU.Deploy.0 = Release|Any CPU
		{BF6039B1-CF3B-4245-A277-E0CA3FF0EFAA}.Debug|Any CPU.ActiveCfg = Debug|Any CPU
		{BF6039B1-CF3B-4245-A277-E0CA3FF0EFAA}.Debug|Any CPU.Build.0 = Debug|Any CPU
		{BF6039B1-CF3B-4245-A277-E0CA3FF0EFAA}.Release|Any CPU.ActiveCfg = Release|Any CPU
		{BF6039B1-CF3B-4245-A277-E0CA3FF0EFAA}.Release|Any CPU.Build.0 = Release|Any CPU
		{08329D72-A038-48E2-849F-FD7F0BBF817F}.Debug|Any CPU.ActiveCfg = Debug|Any CPU
		{08329D72-A038-48E2-849F-FD7F0BBF817F}.Debug|Any CPU.Build.0 = Debug|Any CPU
		{08329D72-A038-48E2-849F-FD7F0BBF817F}.Release|Any CPU.ActiveCfg = Release|Any CPU
		{08329D72-A038-48E2-849F-FD7F0BBF817F}.Release|Any CPU.Build.0 = Release|Any CPU
		{16BBEF7D-7AD5-4642-AA42-1B6D532F4ABD}.Debug|Any CPU.ActiveCfg = Debug|Any CPU
		{16BBEF7D-7AD5-4642-AA42-1B6D532F4ABD}.Debug|Any CPU.Build.0 = Debug|Any CPU
		{16BBEF7D-7AD5-4642-AA42-1B6D532F4ABD}.Release|Any CPU.ActiveCfg = Release|Any CPU
		{16BBEF7D-7AD5-4642-AA42-1B6D532F4ABD}.Release|Any CPU.Build.0 = Release|Any CPU
		{378F1DEC-C138-4844-ADC0-A2934262FDEC}.Debug|Any CPU.ActiveCfg = Debug|Any CPU
		{378F1DEC-C138-4844-ADC0-A2934262FDEC}.Debug|Any CPU.Build.0 = Debug|Any CPU
		{378F1DEC-C138-4844-ADC0-A2934262FDEC}.Release|Any CPU.ActiveCfg = Release|Any CPU
		{378F1DEC-C138-4844-ADC0-A2934262FDEC}.Release|Any CPU.Build.0 = Release|Any CPU
		{8C889C8A-DCD8-4DD1-8D67-ABE178B5D1FF}.Debug|Any CPU.ActiveCfg = Debug|Any CPU
		{8C889C8A-DCD8-4DD1-8D67-ABE178B5D1FF}.Debug|Any CPU.Build.0 = Debug|Any CPU
		{8C889C8A-DCD8-4DD1-8D67-ABE178B5D1FF}.Release|Any CPU.ActiveCfg = Release|Any CPU
		{8C889C8A-DCD8-4DD1-8D67-ABE178B5D1FF}.Release|Any CPU.Build.0 = Release|Any CPU
		{B7DEFB7A-F000-4F71-8B7A-E818B34CECEC}.Debug|Any CPU.ActiveCfg = Debug|Any CPU
		{B7DEFB7A-F000-4F71-8B7A-E818B34CECEC}.Debug|Any CPU.Build.0 = Debug|Any CPU
		{B7DEFB7A-F000-4F71-8B7A-E818B34CECEC}.Release|Any CPU.ActiveCfg = Release|Any CPU
		{B7DEFB7A-F000-4F71-8B7A-E818B34CECEC}.Release|Any CPU.Build.0 = Release|Any CPU
		{EA9CCF35-1CD6-43B9-B3E8-EBF221586CC0}.Debug|Any CPU.ActiveCfg = Debug|Any CPU
		{EA9CCF35-1CD6-43B9-B3E8-EBF221586CC0}.Debug|Any CPU.Build.0 = Debug|Any CPU
		{EA9CCF35-1CD6-43B9-B3E8-EBF221586CC0}.Release|Any CPU.ActiveCfg = Release|Any CPU
		{EA9CCF35-1CD6-43B9-B3E8-EBF221586CC0}.Release|Any CPU.Build.0 = Release|Any CPU
		{5E2B9B32-8602-4BFC-8FB3-9DC031AFB906}.Debug|Any CPU.ActiveCfg = Debug|Any CPU
		{5E2B9B32-8602-4BFC-8FB3-9DC031AFB906}.Debug|Any CPU.Build.0 = Debug|Any CPU
		{5E2B9B32-8602-4BFC-8FB3-9DC031AFB906}.Release|Any CPU.ActiveCfg = Release|Any CPU
		{5E2B9B32-8602-4BFC-8FB3-9DC031AFB906}.Release|Any CPU.Build.0 = Release|Any CPU
		{F13F082F-A26D-46A7-A102-D14C2ABAB21E}.Debug|Any CPU.ActiveCfg = Debug|Any CPU
		{F13F082F-A26D-46A7-A102-D14C2ABAB21E}.Debug|Any CPU.Build.0 = Debug|Any CPU
		{F13F082F-A26D-46A7-A102-D14C2ABAB21E}.Debug|Any CPU.Deploy.0 = Debug|Any CPU
		{F13F082F-A26D-46A7-A102-D14C2ABAB21E}.Release|Any CPU.ActiveCfg = Release|Any CPU
		{F13F082F-A26D-46A7-A102-D14C2ABAB21E}.Release|Any CPU.Build.0 = Release|Any CPU
		{F13F082F-A26D-46A7-A102-D14C2ABAB21E}.Release|Any CPU.Deploy.0 = Release|Any CPU
	EndGlobalSection
	GlobalSection(SolutionProperties) = preSolution
		HideSolutionNode = FALSE
	EndGlobalSection
	GlobalSection(NestedProjects) = preSolution
		{A39E571E-4187-4904-A2E7-B31C33DE73B6} = {1BCF4239-FB81-455F-A101-8FBD9FBC64C3}
		{80D5AD42-EAB7-4B0F-96DA-6F6C6525A855} = {1BCF4239-FB81-455F-A101-8FBD9FBC64C3}
		{BF6039B1-CF3B-4245-A277-E0CA3FF0EFAA} = {1BCF4239-FB81-455F-A101-8FBD9FBC64C3}
		{08329D72-A038-48E2-849F-FD7F0BBF817F} = {4673E14B-4FCC-4411-AEA4-BA078508F9A1}
		{16BBEF7D-7AD5-4642-AA42-1B6D532F4ABD} = {4673E14B-4FCC-4411-AEA4-BA078508F9A1}
		{378F1DEC-C138-4844-ADC0-A2934262FDEC} = {4673E14B-4FCC-4411-AEA4-BA078508F9A1}
		{8C889C8A-DCD8-4DD1-8D67-ABE178B5D1FF} = {9D580EA1-69C7-4059-AB22-A26BBFCB47EF}
		{B7DEFB7A-F000-4F71-8B7A-E818B34CECEC} = {4673E14B-4FCC-4411-AEA4-BA078508F9A1}
		{EA9CCF35-1CD6-43B9-B3E8-EBF221586CC0} = {4673E14B-4FCC-4411-AEA4-BA078508F9A1}
		{5E2B9B32-8602-4BFC-8FB3-9DC031AFB906} = {4673E14B-4FCC-4411-AEA4-BA078508F9A1}
		{F13F082F-A26D-46A7-A102-D14C2ABAB21E} = {4673E14B-4FCC-4411-AEA4-BA078508F9A1}
	EndGlobalSection
	GlobalSection(ExtensibilityGlobals) = postSolution
		SolutionGuid = {9C2CB71F-A0CE-4088-9B5E-2043B17ADFB5}
	EndGlobalSection
EndGlobal
